
Microsoft Visual Studio Solution File, Format Version 12.00
# Visual Studio 15
VisualStudioVersion = 15.0.28307.136
MinimumVisualStudioVersion = 10.0.40219.1
Project("{FAE04EC0-301F-11D3-BF4B-00C04F79EFBC}") = "MyStuff", "MyStuff\MyStuff.csproj", "{D7E4E031-3762-4900-BF5F-6201F31AB26F}"
EndProject
Global
	GlobalSection(SolutionConfigurationPlatforms) = preSolution
		Debug|Any CPU = Debug|Any CPU
		Release|Any CPU = Release|Any CPU
	EndGlobalSection
	GlobalSection(ProjectConfigurationPlatforms) = postSolution
		{D7E4E031-3762-4900-BF5F-6201F31AB26F}.Debug|Any CPU.ActiveCfg = Debug|Any CPU
		{D7E4E031-3762-4900-BF5F-6201F31AB26F}.Debug|Any CPU.Build.0 = Debug|Any CPU
		{D7E4E031-3762-4900-BF5F-6201F31AB26F}.Release|Any CPU.ActiveCfg = Release|Any CPU
		{D7E4E031-3762-4900-BF5F-6201F31AB26F}.Release|Any CPU.Build.0 = Release|Any CPU
	EndGlobalSection
	GlobalSection(SolutionProperties) = preSolution
		HideSolutionNode = FALSE
	EndGlobalSection
	GlobalSection(ExtensibilityGlobals) = postSolution
		SolutionGuid = {6DEA94DB-F610-4CEA-BEBF-E7FB8363A461}
	EndGlobalSection
EndGlobal
